
Microsoft Visual Studio Solution File, Format Version 12.00
# Visual Studio Version 16
VisualStudioVersion = 16.0.30907.101
MinimumVisualStudioVersion = 10.0.40219.1
Project("{FAE04EC0-301F-11D3-BF4B-00C04F79EFBC}") = "GameAssistant", "Game Asistent\GameAssistant.csproj", "{572055DB-4030-4A02-B022-50B0BB97CF9F}"
EndProject
Project("{54435603-DBB4-11D2-8724-00A0C9A8B90C}") = "GameAssistantSetup", "GameAssistantSetup\GameAssistantSetup.vdproj", "{21DE7A1B-2704-40AC-93A6-074515DA564F}"
EndProject
Global
	GlobalSection(SolutionConfigurationPlatforms) = preSolution
		Debug|Any CPU = Debug|Any CPU
		Debug|x64 = Debug|x64
		Debug|x86 = Debug|x86
		Release|Any CPU = Release|Any CPU
		Release|x64 = Release|x64
		Release|x86 = Release|x86
	EndGlobalSection
	GlobalSection(ProjectConfigurationPlatforms) = postSolution
		{572055DB-4030-4A02-B022-50B0BB97CF9F}.Debug|Any CPU.ActiveCfg = Debug|Any CPU
		{572055DB-4030-4A02-B022-50B0BB97CF9F}.Debug|Any CPU.Build.0 = Debug|Any CPU
		{572055DB-4030-4A02-B022-50B0BB97CF9F}.Debug|x64.ActiveCfg = Debug|x64
		{572055DB-4030-4A02-B022-50B0BB97CF9F}.Debug|x64.Build.0 = Debug|x64
		{572055DB-4030-4A02-B022-50B0BB97CF9F}.Debug|x86.ActiveCfg = Debug|x86
		{572055DB-4030-4A02-B022-50B0BB97CF9F}.Debug|x86.Build.0 = Debug|x86
		{572055DB-4030-4A02-B022-50B0BB97CF9F}.Release|Any CPU.ActiveCfg = Release|Any CPU
		{572055DB-4030-4A02-B022-50B0BB97CF9F}.Release|Any CPU.Build.0 = Release|Any CPU
		{572055DB-4030-4A02-B022-50B0BB97CF9F}.Release|x64.ActiveCfg = Release|x64
		{572055DB-4030-4A02-B022-50B0BB97CF9F}.Release|x64.Build.0 = Release|x64
		{572055DB-4030-4A02-B022-50B0BB97CF9F}.Release|x86.ActiveCfg = Release|x86
		{572055DB-4030-4A02-B022-50B0BB97CF9F}.Release|x86.Build.0 = Release|x86
		{21DE7A1B-2704-40AC-93A6-074515DA564F}.Debug|Any CPU.ActiveCfg = Debug
		{21DE7A1B-2704-40AC-93A6-074515DA564F}.Debug|x64.ActiveCfg = Debug
		{21DE7A1B-2704-40AC-93A6-074515DA564F}.Debug|x64.Build.0 = Debug
		{21DE7A1B-2704-40AC-93A6-074515DA564F}.Debug|x86.ActiveCfg = Debug
		{21DE7A1B-2704-40AC-93A6-074515DA564F}.Debug|x86.Build.0 = Debug
		{21DE7A1B-2704-40AC-93A6-074515DA564F}.Release|Any CPU.ActiveCfg = Release
		{21DE7A1B-2704-40AC-93A6-074515DA564F}.Release|x64.ActiveCfg = Release
		{21DE7A1B-2704-40AC-93A6-074515DA564F}.Release|x64.Build.0 = Release
		{21DE7A1B-2704-40AC-93A6-074515DA564F}.Release|x86.ActiveCfg = Release
		{21DE7A1B-2704-40AC-93A6-074515DA564F}.Release|x86.Build.0 = Release
	EndGlobalSection
	GlobalSection(SolutionProperties) = preSolution
		HideSolutionNode = FALSE
	EndGlobalSection
	GlobalSection(ExtensibilityGlobals) = postSolution
		SolutionGuid = {986B36D1-D96D-4B56-932E-E21CA312C90D}
	EndGlobalSection
EndGlobal
